Microsoft Visual Studio Solution File, Format Version 12.00
# Visual Studio Version 17
VisualStudioVersion = 17.0.31903.59
MinimumVisualStudioVersion = 10.0.40219.1
Project("{FAE04EC0-301F-11D3-BF4B-00C04F79EFBC}") = "Jellyfin.Plugin.StreamystatsIntegration", "src\Jellyfin.Plugin.StreamystatsIntegration\Jellyfin.Plugin.StreamystatsIntegration.csproj", "{C8E7BDA5-DC4A-49CF-93A0-EF31194EEB29}"
EndProject
Project("{FAE04EC0-301F-11D3-BF4B-00C04F79EFBC}") = "Jellyfin.Plugin.StreamystatsIntegration.Tests", "tests\plugin\Jellyfin.Plugin.StreamystatsIntegration.Tests.csproj", "{3E2DE639-5190-4EFF-A527-41F10D005749}"
EndProject
Global
	GlobalSection(SolutionConfigurationPlatforms) = preSolution
		Debug|Any CPU = Debug|Any CPU
		Release|Any CPU = Release|Any CPU
	EndGlobalSection
	GlobalSection(ProjectConfigurationPlatforms) = postSolution
		{C8E7BDA5-DC4A-49CF-93A0-EF31194EEB29}.Debug|Any CPU.ActiveCfg = Debug|Any CPU
		{C8E7BDA5-DC4A-49CF-93A0-EF31194EEB29}.Debug|Any CPU.Build.0 = Debug|Any CPU
		{C8E7BDA5-DC4A-49CF-93A0-EF31194EEB29}.Release|Any CPU.ActiveCfg = Release|Any CPU
		{C8E7BDA5-DC4A-49CF-93A0-EF31194EEB29}.Release|Any CPU.Build.0 = Release|Any CPU
		{3E2DE639-5190-4EFF-A527-41F10D005749}.Debug|Any CPU.ActiveCfg = Debug|Any CPU
		{3E2DE639-5190-4EFF-A527-41F10D005749}.Debug|Any CPU.Build.0 = Debug|Any CPU
		{3E2DE639-5190-4EFF-A527-41F10D005749}.Release|Any CPU.ActiveCfg = Release|Any CPU
		{3E2DE639-5190-4EFF-A527-41F10D005749}.Release|Any CPU.Build.0 = Release|Any CPU
	EndGlobalSection
EndGlobal
